# THIS IS AN AUTOGENERATED FILE. DO NOT EDIT THIS FILE DIRECTLY.
# yarn lockfile v1


"@babel/helper-validator-identifier@^7.12.11":
  version "7.12.11"
  resolved "https://registry.npmjs.org/@babel/helper-validator-identifier/-/helper-validator-identifier-7.12.11.tgz"
  integrity sha512-np/lG3uARFybkoHokJUmf1QfEvRVCPbmQeUQpKow5cQ3xWrV9i3rUHodKDJPQfTVX61qKi+UdYk8kik84n7XOw==

"@babel/parser@^7.12.0", "@babel/parser@^7.13.9":
  version "7.13.16"
  resolved "https://registry.npmjs.org/@babel/parser/-/parser-7.13.16.tgz"
  integrity sha512-6bAg36mCwuqLO0hbR+z7PHuqWiCeP7Dzg73OpQwsAB1Eb8HnGEz5xYBzCfbu+YjoaJsJs+qheDxVAuqbt3ILEw==

"@babel/types@^7.12.0", "@babel/types@^7.13.0":
  version "7.13.17"
  resolved "https://registry.npmjs.org/@babel/types/-/types-7.13.17.tgz"
  integrity sha512-RawydLgxbOPDlTLJNtoIypwdmAy//uQIzlKt2+iBiJaRlVuI6QLUxVAyWGNfOzp8Yu4L4lLIacoCyTNtpb4wiA==
  dependencies:
    "@babel/helper-validator-identifier" "^7.12.11"
    to-fast-properties "^2.0.0"

"@css-render/plugin-bem@^0.15.4":
  version "0.15.5"
  resolved "https://registry.nlark.com/@css-render/plugin-bem/download/@css-render/plugin-bem-0.15.5.tgz#90ccc9613f25484a795ac3f9d00018f8badb0556"
  integrity sha1-kMzJYT8lSEp5WsP50AAY+LrbBVY=
  dependencies:
    css-render "~0.15.5"

"@css-render/vue3-ssr@^0.15.4":
  version "0.15.5"
  resolved "https://registry.nlark.com/@css-render/vue3-ssr/download/@css-render/vue3-ssr-0.15.5.tgz#86994d35967528aa46e3853d40b8bdd2a95b2f9d"
  integrity sha1-hplNNZZ1KKpG44U9QLi90qlbL50=

"@emotion/hash@~0.8.0":
  version "0.8.0"
  resolved "https://registry.nlark.com/@emotion/hash/download/@emotion/hash-0.8.0.tgz#bbbff68978fefdbe68ccb533bc8cbe1d1afb5413"
  integrity sha1-u7/2iXj+/b5ozLUzvIy+HRr7VBM=

"@eva/eva.js@^1.0.4":
  version "1.0.4"
  resolved "https://registry.npmjs.org/@eva/eva.js/-/eva.js-1.0.4.tgz"
  integrity sha512-txokpTSjoIPNg/QaTCLgW31XFZ/x1HlsgX75QEMVIS7vxljtSGZwZiiI9FNL9X9rZorgy/ugRsn3NQTZ0uQP5w==
  dependencies:
    eventemitter3 "^3.1.2"
    lodash-es "^4.17.21"
    mini-signals "^1.2.0"
    parse-uri "^1.0.3"
    resource-loader "^4.0.0-rc4"

"@eva/plugin-renderer-img@^1.0.4":
  version "1.0.4"
  resolved "https://registry.nlark.com/@eva/plugin-renderer-img/download/@eva/plugin-renderer-img-1.0.4.tgz#f47e030f5a32c70b0f3e7ded184ca5a620c22e38"
  integrity sha1-9H4DD1oyxwsPPn3tGEylpiDCLjg=
  dependencies:
    "@eva/eva.js" "^1.0.4"
    "@eva/plugin-renderer" "^1.0.4"
    "@eva/renderer-adapter" "^1.0.4"
    pixi.js "^4.8.7"

"@eva/plugin-renderer-spine@^1.0.4":
  version "1.0.4"
  resolved "https://registry.nlark.com/@eva/plugin-renderer-spine/download/@eva/plugin-renderer-spine-1.0.4.tgz#276d966b60eca1e3a05514c0342c34863c5cb871"
  integrity sha1-J22Wa2DsoeOgVRTANCw0hjxcuHE=
  dependencies:
    "@eva/eva.js" "^1.0.4"
    "@eva/plugin-renderer" "^1.0.4"
    pixi.js "^4.8.7"

"@eva/plugin-renderer-text@^1.0.4":
  version "1.0.4"
  resolved "https://registry.nlark.com/@eva/plugin-renderer-text/download/@eva/plugin-renderer-text-1.0.4.tgz#9602e351af87f8e5d209d8d9b0dfe98cb1e27f99"
  integrity sha1-lgLjUa+H+OXSCdjZsN/pjLHif5k=
  dependencies:
    "@eva/eva.js" "^1.0.4"
    "@eva/plugin-renderer" "^1.0.4"
    "@eva/renderer-adapter" "^1.0.4"
    pixi.js "^4.8.7"

"@eva/plugin-renderer@^1.0.4":
  version "1.0.4"
  resolved "https://registry.npmjs.org/@eva/plugin-renderer/-/plugin-renderer-1.0.4.tgz"
  integrity sha512-A6s5koMWyXyDLdNdiOt9OiwAjPtTLo9eb04Tqwe/5uV6A/NBFvHK6MhwbWernF6vec3yYYJorE1nQ0JKXTtXfg==
  dependencies:
    "@eva/eva.js" "^1.0.4"
    "@eva/renderer-adapter" "^1.0.4"
    eventemitter3 "^3.1.2"
    lodash-es "^4.17.21"
    pixi.js "^4.8.7"

"@eva/renderer-adapter@^1.0.4":
  version "1.0.4"
  resolved "https://registry.npmjs.org/@eva/renderer-adapter/-/renderer-adapter-1.0.4.tgz"
  integrity sha512-H3NuzI7EM00TRcl6DZEx/e6LMyJR129dcYu/52VMB3kuoIZay5YZSdRkZP3gkLUG4Cp6j5OxlnyMBkZqGIqCzA==
  dependencies:
    pixi.js "^4.8.9"

"@jest/types@^26.6.2":
  version "26.6.2"
  resolved "https://registry.nlark.com/@jest/types/download/@jest/types-26.6.2.tgz?cache=0&sync_timestamp=1624900057884&other_urls=https%3A%2F%2Fregistry.nlark.com%2F%40jest%2Ftypes%2Fdownload%2F%40jest%2Ftypes-26.6.2.tgz#bef5a532030e1d88a2f5a6d933f84e97226ed48e"
  integrity sha1-vvWlMgMOHYii9abZM/hOlyJu1I4=
  dependencies:
    "@types/istanbul-lib-coverage" "^2.0.0"
    "@types/istanbul-reports" "^3.0.0"
    "@types/node" "*"
    "@types/yargs" "^15.0.0"
    chalk "^4.0.0"

"@types/istanbul-lib-coverage@*", "@types/istanbul-lib-coverage@^2.0.0":
  version "2.0.3"
  resolved "https://registry.nlark.com/@types/istanbul-lib-coverage/download/@types/istanbul-lib-coverage-2.0.3.tgz#4ba8ddb720221f432e443bd5f9117fd22cfd4762"
  integrity sha1-S6jdtyAiH0MuRDvV+RF/0iz9R2I=

"@types/istanbul-lib-report@*":
  version "3.0.0"
  resolved "https://registry.nlark.com/@types/istanbul-lib-report/download/@types/istanbul-lib-report-3.0.0.tgz#c14c24f18ea8190c118ee7562b7ff99a36552686"
  integrity sha1-wUwk8Y6oGQwRjudWK3/5mjZVJoY=
  dependencies:
    "@types/istanbul-lib-coverage" "*"

"@types/istanbul-reports@^3.0.0":
  version "3.0.1"
  resolved "https://registry.nlark.com/@types/istanbul-reports/download/@types/istanbul-reports-3.0.1.tgz?cache=0&sync_timestamp=1622582274460&other_urls=https%3A%2F%2Fregistry.nlark.com%2F%40types%2Fistanbul-reports%2Fdownload%2F%40types%2Fistanbul-reports-3.0.1.tgz#9153fe98bba2bd565a63add9436d6f0d7f8468ff"
  integrity sha1-kVP+mLuivVZaY63ZQ21vDX+EaP8=
  dependencies:
    "@types/istanbul-lib-report" "*"

"@types/jest@^26.0.20":
  version "26.0.24"
  resolved "https://registry.nlark.com/@types/jest/download/@types/jest-26.0.24.tgz#943d11976b16739185913a1936e0de0c4a7d595a"
  integrity sha1-lD0Rl2sWc5GFkToZNuDeDEp9WVo=
  dependencies:
    jest-diff "^26.0.0"
    pretty-format "^26.0.0"

"@types/lodash-es@^4.17.4":
  version "4.17.4"
  resolved "https://registry.nlark.com/@types/lodash-es/download/@types/lodash-es-4.17.4.tgz?cache=0&sync_timestamp=1621241672936&other_urls=https%3A%2F%2Fregistry.nlark.com%2F%40types%2Flodash-es%2Fdownload%2F%40types%2Flodash-es-4.17.4.tgz#b2e440d2bf8a93584a9fd798452ec497986c9b97"
  integrity sha1-suRA0r+Kk1hKn9eYRS7El5hsm5c=
  dependencies:
    "@types/lodash" "*"

"@types/lodash@*", "@types/lodash@^4.14.170":
  version "4.14.172"
  resolved "https://registry.nlark.com/@types/lodash/download/@types/lodash-4.14.172.tgz?cache=0&sync_timestamp=1627979710007&other_urls=https%3A%2F%2Fregistry.nlark.com%2F%40types%2Flodash%2Fdownload%2F%40types%2Flodash-4.14.172.tgz#aad774c28e7bfd7a67de25408e03ee5a8c3d028a"
  integrity sha1-qtd0wo57/Xpn3iVAjgPuWow9Aoo=

"@types/node@*":
  version "16.7.1"
  resolved "https://registry.nlark.com/@types/node/download/@types/node-16.7.1.tgz#c6b9198178da504dfca1fd0be9b2e1002f1586f0"
  integrity sha1-xrkZgXjaUE38of0L6bLhAC8VhvA=

"@types/node@^14.14.10":
  version "14.17.11"
  resolved "https://registry.nlark.com/@types/node/download/@types/node-14.17.11.tgz#82d266d657aec5ff01ca59f2ffaff1bb43f7bf0f"
  integrity sha1-gtJm1leuxf8Bylny/6/xu0P3vw8=

"@types/node@~14.14.31":
  version "14.14.45"
  resolved "https://registry.nlark.com/@types/node/download/@types/node-14.14.45.tgz#ec2dfb5566ff814d061aef7e141575aedba245cf"
  integrity sha1-7C37VWb/gU0GGu9+FBV1rtuiRc8=

"@types/pixi.js@^5.0.0":
  version "5.0.0"
  resolved "https://registry.npmjs.org/@types/pixi.js/-/pixi.js-5.0.0.tgz"
  integrity sha512-yZqQBR043lRBlBZci2cx6hgmX0fvBfYIqFm6VThlnueXEjitxd3coy+BGsqsZ7+ary7O//+ks4aJRhC5MJoHqA==
  dependencies:
    pixi.js "*"

"@types/yargs-parser@*":
  version "20.2.1"
  resolved "https://registry.nlark.com/@types/yargs-parser/download/@types/yargs-parser-20.2.1.tgz#3b9ce2489919d9e4fea439b76916abc34b2df129"
  integrity sha1-O5ziSJkZ2eT+pDm3aRarw0st8Sk=

"@types/yargs@^15.0.0":
  version "15.0.14"
  resolved "https://registry.nlark.com/@types/yargs/download/@types/yargs-15.0.14.tgz#26d821ddb89e70492160b66d10a0eb6df8f6fb06"
  integrity sha1-Jtgh3biecEkhYLZtEKDrbfj2+wY=
  dependencies:
    "@types/yargs-parser" "*"

"@vitejs/plugin-vue@^1.2.1":
  version "1.2.2"
  resolved "https://registry.npmjs.org/@vitejs/plugin-vue/-/plugin-vue-1.2.2.tgz"
  integrity sha512-5BI2WFfs/Z0pAV4S/IQf1oH3bmFYlL5ATMBHgTt1Lf7hAnfpNd5oUAAs6hZPfk3QhvyUQgtk0rJBlabwNFcBJQ==

"@vue/compiler-core@3.0.11":
  version "3.0.11"
  resolved "https://registry.npmjs.org/@vue/compiler-core/-/compiler-core-3.0.11.tgz"
  integrity sha512-6sFj6TBac1y2cWCvYCA8YzHJEbsVkX7zdRs/3yK/n1ilvRqcn983XvpBbnN3v4mZ1UiQycTvOiajJmOgN9EVgw==
  dependencies:
    "@babel/parser" "^7.12.0"
    "@babel/types" "^7.12.0"
    "@vue/shared" "3.0.11"
    estree-walker "^2.0.1"
    source-map "^0.6.1"

"@vue/compiler-dom@3.0.11":
  version "3.0.11"
  resolved "https://registry.npmjs.org/@vue/compiler-dom/-/compiler-dom-3.0.11.tgz"
  integrity sha512-+3xB50uGeY5Fv9eMKVJs2WSRULfgwaTJsy23OIltKgMrynnIj8hTYY2UL97HCoz78aDw1VDXdrBQ4qepWjnQcw==
  dependencies:
    "@vue/compiler-core" "3.0.11"
    "@vue/shared" "3.0.11"

"@vue/compiler-sfc@^3.0.5":
  version "3.0.11"
  resolved "https://registry.npm.taobao.org/@vue/compiler-sfc/download/@vue/compiler-sfc-3.0.11.tgz#cd8ca2154b88967b521f5ad3b10f5f8b6b665679"
  integrity sha1-zYyiFUuIlntSH1rTsQ9fi2tmVnk=
  dependencies:
    "@babel/parser" "^7.13.9"
    "@babel/types" "^7.13.0"
    "@vue/compiler-core" "3.0.11"
    "@vue/compiler-dom" "3.0.11"
    "@vue/compiler-ssr" "3.0.11"
    "@vue/shared" "3.0.11"
    consolidate "^0.16.0"
    estree-walker "^2.0.1"
    hash-sum "^2.0.0"
    lru-cache "^5.1.1"
    magic-string "^0.25.7"
    merge-source-map "^1.1.0"
    postcss "^8.1.10"
    postcss-modules "^4.0.0"
    postcss-selector-parser "^6.0.4"
    source-map "^0.6.1"

"@vue/compiler-ssr@3.0.11":
  version "3.0.11"
  resolved "https://registry.npmjs.org/@vue/compiler-ssr/-/compiler-ssr-3.0.11.tgz"
  integrity sha512-66yUGI8SGOpNvOcrQybRIhl2M03PJ+OrDPm78i7tvVln86MHTKhM3ERbALK26F7tXl0RkjX4sZpucCpiKs3MnA==
  dependencies:
    "@vue/compiler-dom" "3.0.11"
    "@vue/shared" "3.0.11"

"@vue/reactivity@3.0.11":
  version "3.0.11"
  resolved "https://registry.npmjs.org/@vue/reactivity/-/reactivity-3.0.11.tgz"
  integrity sha512-SKM3YKxtXHBPMf7yufXeBhCZ4XZDKP9/iXeQSC8bBO3ivBuzAi4aZi0bNoeE2IF2iGfP/AHEt1OU4ARj4ao/Xw==
  dependencies:
    "@vue/shared" "3.0.11"

"@vue/runtime-core@3.0.11":
  version "3.0.11"
  resolved "https://registry.npmjs.org/@vue/runtime-core/-/runtime-core-3.0.11.tgz"
  integrity sha512-87XPNwHfz9JkmOlayBeCCfMh9PT2NBnv795DSbi//C/RaAnc/bGZgECjmkD7oXJ526BZbgk9QZBPdFT8KMxkAg==
  dependencies:
    "@vue/reactivity" "3.0.11"
    "@vue/shared" "3.0.11"

"@vue/runtime-dom@3.0.11":
  version "3.0.11"
  resolved "https://registry.npmjs.org/@vue/runtime-dom/-/runtime-dom-3.0.11.tgz"
  integrity sha512-jm3FVQESY3y2hKZ2wlkcmFDDyqaPyU3p1IdAX92zTNeCH7I8zZ37PtlE1b9NlCtzV53WjB4TZAYh9yDCMIEumA==
  dependencies:
    "@vue/runtime-core" "3.0.11"
    "@vue/shared" "3.0.11"
    csstype "^2.6.8"

"@vue/shared@3.0.11":
  version "3.0.11"
  resolved "https://registry.npmjs.org/@vue/shared/-/shared-3.0.11.tgz"
  integrity sha512-b+zB8A2so8eCE0JsxjL24J7vdGl8rzPQ09hZNhystm+KqSbKcAej1A+Hbva1rCMmTTqA+hFnUSDc5kouEo0JzA==

ansi-regex@^5.0.0:
  version "5.0.0"
  resolved "https://registry.npm.taobao.org/ansi-regex/download/ansi-regex-5.0.0.tgz?cache=0&sync_timestamp=1618553044693&other_urls=https%3A%2F%2Fregistry.npm.taobao.org%2Fansi-regex%2Fdownload%2Fansi-regex-5.0.0.tgz#388539f55179bf39339c81af30a654d69f87cb75"
  integrity sha1-OIU59VF5vzkznIGvMKZU1p+Hy3U=

ansi-styles@^4.0.0, ansi-styles@^4.1.0:
  version "4.3.0"
  resolved "https://registry.nlark.com/ansi-styles/download/ansi-styles-4.3.0.tgz?cache=0&sync_timestamp=1618995588464&other_urls=https%3A%2F%2Fregistry.nlark.com%2Fansi-styles%2Fdownload%2Fansi-styles-4.3.0.tgz#edd803628ae71c04c85ae7a0906edad34b648937"
  integrity sha1-7dgDYornHATIWuegkG7a00tkiTc=
  dependencies:
    color-convert "^2.0.1"

anymatch@~3.1.2:
  version "3.1.2"
  resolved "https://registry.nlark.com/anymatch/download/anymatch-3.1.2.tgz#c0557c096af32f106198f4f4e2a383537e378716"
  integrity sha1-wFV8CWrzLxBhmPT04qODU343hxY=
  dependencies:
    normalize-path "^3.0.0"
    picomatch "^2.0.4"

async-validator@^4.0.1:
  version "4.0.2"
  resolved "https://registry.nlark.com/async-validator/download/async-validator-4.0.2.tgz?cache=0&other_urls=https%3A%2F%2Fregistry.nlark.com%2Fasync-validator%2Fdownload%2Fasync-validator-4.0.2.tgz#f8089628ff8a95f7c8c58e1b8d3c3cd9de186996"
  integrity sha1-+AiWKP+KlffIxY4bjTw82d4YaZY=

axios@^0.21.1:
  version "0.21.1"
  resolved "https://registry.npm.taobao.org/axios/download/axios-0.21.1.tgz?cache=0&sync_timestamp=1608609324963&other_urls=https%3A%2F%2Fregistry.npm.taobao.org%2Faxios%2Fdownload%2Faxios-0.21.1.tgz#22563481962f4d6bde9a76d516ef0e5d3c09b2b8"
  integrity sha1-IlY0gZYvTWvemnbVFu8OXTwJsrg=
  dependencies:
    follow-redirects "^1.10.0"

balanced-match@^1.0.0:
  version "1.0.2"
  resolved "https://registry.npmjs.org/balanced-match/-/balanced-match-1.0.2.tgz"
  integrity sha512-3oSeUO0TMV67hN1AmbXsK4yaqU7tjiHlbxRDZOpH0KW9+CeX4bRAaX0Anxt0tx2MrpRpWwQaPwIlISEJhYU5Pw==

big-integer@^1.6.17:
  version "1.6.48"
  resolved "https://registry.npmjs.org/big-integer/-/big-integer-1.6.48.tgz"
  integrity sha512-j51egjPa7/i+RdiRuJbPdJ2FIUYYPhvYLjzoYbcMMm62ooO6F94fETG4MTs46zPAF9Brs04OajboA/qTGuz78w==

big.js@^5.2.2:
  version "5.2.2"
  resolved "https://registry.npmjs.org/big.js/-/big.js-5.2.2.tgz"
  integrity sha512-vyL2OymJxmarO8gxMr0mhChsO9QGwhynfuu4+MHTAW6czfq9humCB7rKpUjDd9YUiDPU4mzpyupFSvOClAwbmQ==

binary-extensions@^2.0.0:
  version "2.2.0"
  resolved "https://registry.nlark.com/binary-extensions/download/binary-extensions-2.2.0.tgz#75f502eeaf9ffde42fc98829645be4ea76bd9e2d"
  integrity sha1-dfUC7q+f/eQvyYgpZFvk6na9ni0=

binary@~0.3.0:
  version "0.3.0"
  resolved "https://registry.npmjs.org/binary/-/binary-0.3.0.tgz"
  integrity sha1-n2BVO8XOjDOG87VTz/R0Yq3sqnk=
  dependencies:
    buffers "~0.1.1"
    chainsaw "~0.1.0"

bit-twiddle@^1.0.2:
  version "1.0.2"
  resolved "https://registry.npmjs.org/bit-twiddle/-/bit-twiddle-1.0.2.tgz"
  integrity sha1-DGwfq+KyPRcXPZpht7cJPrnhdp4=

bluebird@^3.7.2:
  version "3.7.2"
  resolved "https://registry.npmjs.org/bluebird/-/bluebird-3.7.2.tgz"
  integrity sha512-XpNj6GDQzdfW+r2Wnn7xiSAd7TM3jzkxGXBGTtWKuSXv1xUV+azxAm8jdWZN06QTQk+2N2XB9jRDkvbmQmcRtg==

bluebird@~3.4.1:
  version "3.4.7"
  resolved "https://registry.npmjs.org/bluebird/-/bluebird-3.4.7.tgz"
  integrity sha1-9y12C+Cbf3bQjtj66Ysomo0F+rM=

brace-expansion@^1.1.7:
  version "1.1.11"
  resolved "https://registry.npmjs.org/brace-expansion/-/brace-expansion-1.1.11.tgz"
  integrity sha512-iCuPHDFgrHX7H2vEI/5xpz07zSHB00TpugqhmYtVmMO6518mCuRMoOYFldEBl0g187ufozdaHgWKcYFb61qGiA==
  dependencies:
    balanced-match "^1.0.0"
    concat-map "0.0.1"

braces@~3.0.2:
  version "3.0.2"
  resolved "https://registry.nlark.com/braces/download/braces-3.0.2.tgz#3454e1a462ee8d599e236df336cd9ea4f8afe107"
  integrity sha1-NFThpGLujVmeI23zNs2epPiv4Qc=
  dependencies:
    fill-range "^7.0.1"

buffer-indexof-polyfill@~1.0.0:
  version "1.0.2"
  resolved "https://registry.npmjs.org/buffer-indexof-polyfill/-/buffer-indexof-polyfill-1.0.2.tgz"
  integrity sha512-I7wzHwA3t1/lwXQh+A5PbNvJxgfo5r3xulgpYDB5zckTu/Z9oUK9biouBKQUjEqzaz3HnAT6TYoovmE+GqSf7A==

buffers@~0.1.1:
  version "0.1.1"
  resolved "https://registry.npmjs.org/buffers/-/buffers-0.1.1.tgz"
  integrity sha1-skV5w77U1tOWru5tmorn9Ugqt7s=

chainsaw@~0.1.0:
  version "0.1.0"
  resolved "https://registry.npmjs.org/chainsaw/-/chainsaw-0.1.0.tgz"
  integrity sha1-XqtQsor+WAdNDVgpE4iCi15fvJg=
  dependencies:
    traverse ">=0.3.0 <0.4"

chalk@^4.0.0:
  version "4.1.2"
  resolved "https://registry.nlark.com/chalk/download/chalk-4.1.2.tgz?cache=0&sync_timestamp=1627646655305&other_urls=https%3A%2F%2Fregistry.nlark.com%2Fchalk%2Fdownload%2Fchalk-4.1.2.tgz#aac4e2b7734a740867aeb16bf02aad556a1e7a01"
  integrity sha1-qsTit3NKdAhnrrFr8CqtVWoeegE=
  dependencies:
    ansi-styles "^4.1.0"
    supports-color "^7.1.0"

"chokidar@>=3.0.0 <4.0.0":
  version "3.5.2"
  resolved "https://registry.nlark.com/chokidar/download/chokidar-3.5.2.tgz#dba3976fcadb016f66fd365021d91600d01c1e75"
  integrity sha1-26OXb8rbAW9m/TZQIdkWANAcHnU=
  dependencies:
    anymatch "~3.1.2"
    braces "~3.0.2"
    glob-parent "~5.1.2"
    is-binary-path "~2.1.0"
    is-glob "~4.0.1"
    normalize-path "~3.0.0"
    readdirp "~3.6.0"
  optionalDependencies:
    fsevents "~2.3.2"

color-convert@^2.0.1:
  version "2.0.1"
  resolved "https://registry.nlark.com/color-convert/download/color-convert-2.0.1.tgz#72d3a68d598c9bdb3af2ad1e84f21d896abd4de3"
  integrity sha1-ctOmjVmMm9s68q0ehPIdiWq9TeM=
  dependencies:
    color-name "~1.1.4"

color-name@~1.1.4:
  version "1.1.4"
  resolved "https://registry.npm.taobao.org/color-name/download/color-name-1.1.4.tgz#c2a09a87acbde69543de6f63fa3995c826c536a2"
  integrity sha1-wqCah6y95pVD3m9j+jmVyCbFNqI=

colorette@^1.2.2:
  version "1.2.2"
  resolved "https://registry.npmjs.org/colorette/-/colorette-1.2.2.tgz"
  integrity sha512-MKGMzyfeuutC/ZJ1cba9NqcNpfeqMUcYmyF1ZFY6/Cn7CNSAKx6a+s48sqLqyAiZuaP2TcqMhoo+dlwFnVxT9w==

concat-map@0.0.1:
  version "0.0.1"
  resolved "https://registry.npmjs.org/concat-map/-/concat-map-0.0.1.tgz"
  integrity sha1-2Klr13/Wjfd5OnMDajug1UBdR3s=

consolidate@^0.16.0:
  version "0.16.0"
  resolved "https://registry.npmjs.org/consolidate/-/consolidate-0.16.0.tgz"
  integrity sha512-Nhl1wzCslqXYTJVDyJCu3ODohy9OfBMB5uD2BiBTzd7w+QY0lBzafkR8y8755yMYHAaMD4NuzbAw03/xzfw+eQ==
  dependencies:
    bluebird "^3.7.2"

core-util-is@~1.0.0:
  version "1.0.2"
  resolved "https://registry.npmjs.org/core-util-is/-/core-util-is-1.0.2.tgz"
  integrity sha1-tf1UIgqivFq1eqtxQMlAdUUDwac=

css-render@^0.15.3, css-render@^0.15.4, css-render@~0.15.5:
  version "0.15.5"
  resolved "https://registry.nlark.com/css-render/download/css-render-0.15.5.tgz#e4c03b70307f31ca90133ad047419e69121bf096"
  integrity sha1-5MA7cDB/McqQEzrQR0GeaRIb8JY=
  dependencies:
    "@emotion/hash" "~0.8.0"
    "@types/node" "~14.14.31"
    csstype "~3.0.5"

cssesc@^3.0.0:
  version "3.0.0"
  resolved "https://registry.npmjs.org/cssesc/-/cssesc-3.0.0.tgz"
  integrity sha512-/Tb/JcjK111nNScGob5MNtsntNM1aCNUDipB/TkwZFhyDrrE47SOx/18wF2bbjgc3ZzCSKW1T5nt5EbFoAz/Vg==

csstype@^2.6.8:
  version "2.6.17"
  resolved "https://registry.npmjs.org/csstype/-/csstype-2.6.17.tgz"
  integrity sha512-u1wmTI1jJGzCJzWndZo8mk4wnPTZd1eOIYTYvuEyOQGfmDl3TrabCCfKnOC86FZwW/9djqTl933UF/cS425i9A==

csstype@~3.0.5:
  version "3.0.8"
  resolved "https://registry.nlark.com/csstype/download/csstype-3.0.8.tgz#d2266a792729fb227cd216fb572f43728e1ad340"
  integrity sha1-0iZqeScp+yJ80hb7Vy9Dco4a00A=

date-fns@^2.19.0:
  version "2.23.0"
  resolved "https://registry.nlark.com/date-fns/download/date-fns-2.23.0.tgz#4e886c941659af0cf7b30fafdd1eaa37e88788a9"
  integrity sha1-TohslBZZrwz3sw+v3R6qN+iHiKk=

diff-sequences@^26.6.2:
  version "26.6.2"
  resolved "https://registry.nlark.com/diff-sequences/download/diff-sequences-26.6.2.tgz?cache=0&sync_timestamp=1624900057366&other_urls=https%3A%2F%2Fregistry.nlark.com%2Fdiff-sequences%2Fdownload%2Fdiff-sequences-26.6.2.tgz#48ba99157de1923412eed41db6b6d4aa9ca7c0b1"
  integrity sha1-SLqZFX3hkjQS7tQdtrbUqpynwLE=

duplexer2@~0.1.4:
  version "0.1.4"
  resolved "https://registry.npmjs.org/duplexer2/-/duplexer2-0.1.4.tgz"
  integrity sha1-ixLauHjA1p4+eJEFFmKjL8a93ME=
  dependencies:
    readable-stream "^2.0.2"

earcut@^2.1.4:
  version "2.2.2"
  resolved "https://registry.npmjs.org/earcut/-/earcut-2.2.2.tgz"
  integrity sha512-eZoZPPJcUHnfRZ0PjLvx2qBordSiO8ofC3vt+qACLM95u+4DovnbYNpQtJh0DNsWj8RnxrQytD4WA8gj5cRIaQ==

emojis-list@^3.0.0:
  version "3.0.0"
  resolved "https://registry.npmjs.org/emojis-list/-/emojis-list-3.0.0.tgz"
  integrity sha512-/kyM18EfinwXZbno9FyUGeFh87KC8HRQBQGildHZbEuRyWFOmv1U10o9BBp8XVZDVNNuQKyIGIu5ZYAAXJ0V2Q==

esbuild@^0.9.3:
  version "0.9.7"
  resolved "https://registry.npmjs.org/esbuild/-/esbuild-0.9.7.tgz"
  integrity sha512-VtUf6aQ89VTmMLKrWHYG50uByMF4JQlVysb8dmg6cOgW8JnFCipmz7p+HNBl+RR3LLCuBxFGVauAe2wfnF9bLg==

estree-walker@^2.0.1:
  version "2.0.2"
  resolved "https://registry.npmjs.org/estree-walker/-/estree-walker-2.0.2.tgz"
  integrity sha512-Rfkk/Mp/DL7JVje3u18FxFujQlTNR2q6QfMSMB7AvCBx91NGj/ba3kCfza0f6dVDbw7YlRf/nDrn7pQrCCyQ/w==

eventemitter3@^2.0.0:
  version "2.0.3"
  resolved "https://registry.npmjs.org/eventemitter3/-/eventemitter3-2.0.3.tgz"
  integrity sha1-teEHm1n7XhuidxwKmTvgYKWMmbo=

eventemitter3@^3.1.2:
  version "3.1.2"
  resolved "https://registry.npmjs.org/eventemitter3/-/eventemitter3-3.1.2.tgz"
  integrity sha512-tvtQIeLVHjDkJYnzf2dgVMxfuSGJeM/7UCG17TT4EumTfNtF+0nebF/4zWOIkCreAbtNqhGEboB6BWrwqNaw4Q==

evtd@^0.2.2:
  version "0.2.2"
  resolved "https://registry.nlark.com/evtd/download/evtd-0.2.2.tgz#bebbe27e15aedc1d5c18bc2620dfc90f260787c3"
  integrity sha1-vrvifhWu3B1cGLwmIN/JDyYHh8M=

fill-range@^7.0.1:
  version "7.0.1"
  resolved "https://registry.npm.taobao.org/fill-range/download/fill-range-7.0.1.tgz#1919a6a7c75fe38b2c7c77e5198535da9acdda40"
  integrity sha1-GRmmp8df44ssfHflGYU12prN2kA=
  dependencies:
    to-regex-range "^5.0.1"

follow-redirects@^1.10.0:
  version "1.14.2"
  resolved "https://registry.nlark.com/follow-redirects/download/follow-redirects-1.14.2.tgz?cache=0&sync_timestamp=1629288519293&other_urls=https%3A%2F%2Fregistry.nlark.com%2Ffollow-redirects%2Fdownload%2Ffollow-redirects-1.14.2.tgz#cecb825047c00f5e66b142f90fed4f515dec789b"
  integrity sha1-zsuCUEfAD15msUL5D+1PUV3seJs=

fs.realpath@^1.0.0:
  version "1.0.0"
  resolved "https://registry.npmjs.org/fs.realpath/-/fs.realpath-1.0.0.tgz"
  integrity sha1-FQStJSMVjKpA20onh8sBQRmU6k8=

fsevents@~2.3.1, fsevents@~2.3.2:
  version "2.3.2"
  resolved "https://registry.npmjs.org/fsevents/-/fsevents-2.3.2.tgz"
  integrity sha512-xiqMQR4xAeHTuB9uWm+fFRcIOgKBMiOBP+eXiyT7jsgVCq1bkVygt00oASowB7EdtpOHaaPgKt812P9ab+DDKA==

fstream@^1.0.12:
  version "1.0.12"
  resolved "https://registry.npmjs.org/fstream/-/fstream-1.0.12.tgz"
  integrity sha512-WvJ193OHa0GHPEL+AycEJgxvBEwyfRkN1vhjca23OaPVMCaLCXTd5qAu82AjTcgP1UJmytkOKb63Ypde7raDIg==
  dependencies:
    graceful-fs "^4.1.2"
    inherits "~2.0.0"
    mkdirp ">=0.5 0"
    rimraf "2"

function-bind@^1.1.1:
  version "1.1.1"
  resolved "https://registry.npmjs.org/function-bind/-/function-bind-1.1.1.tgz"
  integrity sha512-yIovAzMX49sF8Yl58fSCWJ5svSLuaibPxXQJFLmBObTuCr0Mf1KiPopGM9NiFjiYBCbfaa2Fh6breQ6ANVTI0A==

generic-names@^2.0.1:
  version "2.0.1"
  resolved "https://registry.npmjs.org/generic-names/-/generic-names-2.0.1.tgz"
  integrity sha512-kPCHWa1m9wGG/OwQpeweTwM/PYiQLrUIxXbt/P4Nic3LbGjCP0YwrALHW1uNLKZ0LIMg+RF+XRlj2ekT9ZlZAQ==
  dependencies:
    loader-utils "^1.1.0"

glob-parent@~5.1.2:
  version "5.1.2"
  resolved "https://registry.nlark.com/glob-parent/download/glob-parent-5.1.2.tgz?cache=0&sync_timestamp=1626760165717&other_urls=https%3A%2F%2Fregistry.nlark.com%2Fglob-parent%2Fdownload%2Fglob-parent-5.1.2.tgz#869832c58034fe68a4093c17dc15e8340d8401c4"
  integrity sha1-hpgyxYA0/mikCTwX3BXoNA2EAcQ=
  dependencies:
    is-glob "^4.0.1"

glob@^7.1.3:
  version "7.1.6"
  resolved "https://registry.npmjs.org/glob/-/glob-7.1.6.tgz"
  integrity sha512-LwaxwyZ72Lk7vZINtNNrywX0ZuLyStrdDtabefZKAY5ZGJhVtgdznluResxNmPitE0SAO+O26sWTHeKSI2wMBA==
  dependencies:
    fs.realpath "^1.0.0"
    inflight "^1.0.4"
    inherits "2"
    minimatch "^3.0.4"
    once "^1.3.0"
    path-is-absolute "^1.0.0"

graceful-fs@^4.1.2, graceful-fs@^4.2.2:
  version "4.2.6"
  resolved "https://registry.npmjs.org/graceful-fs/-/graceful-fs-4.2.6.tgz"
  integrity sha512-nTnJ528pbqxYanhpDYsi4Rd8MAeaBA67+RZ10CM1m3bTAVFEDcd5AuA4a6W5YkGZ1iNXHzZz8T6TBKLeBuNriQ==

has-flag@^4.0.0:
  version "4.0.0"
  resolved "https://registry.nlark.com/has-flag/download/has-flag-4.0.0.tgz?cache=0&sync_timestamp=1626715907927&other_urls=https%3A%2F%2Fregistry.nlark.com%2Fhas-flag%2Fdownload%2Fhas-flag-4.0.0.tgz#944771fd9c81c81265c4d6941860da06bb59479b"
  integrity sha1-lEdx/ZyByBJlxNaUGGDaBrtZR5s=

has@^1.0.3:
  version "1.0.3"
  resolved "https://registry.npmjs.org/has/-/has-1.0.3.tgz"
  integrity sha512-f2dvO0VU6Oej7RkWJGrehjbzMAjFp5/VKPp5tTpWIV4JHHZK1/BxbFRtf/siA2SWTe09caDmVtYYzWEIbBS4zw==
  dependencies:
    function-bind "^1.1.1"

hash-sum@^2.0.0:
  version "2.0.0"
  resolved "https://registry.npmjs.org/hash-sum/-/hash-sum-2.0.0.tgz"
  integrity sha512-WdZTbAByD+pHfl/g9QSsBIIwy8IT+EsPiKDs0KNX+zSHhdDLFKdZu0BQHljvO+0QI/BasbMSUa8wYNCZTvhslg==

highlight.js@^11.0.1:
  version "11.2.0"
  resolved "https://registry.nlark.com/highlight.js/download/highlight.js-11.2.0.tgz#a7e3b8c1fdc4f0538b93b2dc2ddd53a40c6ab0f0"
  integrity sha1-p+O4wf3E8FOLk7LcLd1TpAxqsPA=

icss-replace-symbols@^1.1.0:
  version "1.1.0"
  resolved "https://registry.npmjs.org/icss-replace-symbols/-/icss-replace-symbols-1.1.0.tgz"
  integrity sha1-Bupvg2ead0njhs/h/oEq5dsiPe0=

icss-utils@^5.0.0:
  version "5.1.0"
  resolved "https://registry.npmjs.org/icss-utils/-/icss-utils-5.1.0.tgz"
  integrity sha512-soFhflCVWLfRNOPU3iv5Z9VUdT44xFRbzjLsEzSr5AQmgqPMTHdU3PMT1Cf1ssx8fLNJDA1juftYl+PUcv3MqA==

inflight@^1.0.4:
  version "1.0.6"
  resolved "https://registry.npmjs.org/inflight/-/inflight-1.0.6.tgz"
  integrity sha1-Sb1jMdfQLQwJvJEKEHW6gWW1bfk=
  dependencies:
    once "^1.3.0"
    wrappy "1"

inherits@2, inherits@~2.0.0, inherits@~2.0.3:
  version "2.0.4"
  resolved "https://registry.npmjs.org/inherits/-/inherits-2.0.4.tgz"
  integrity sha512-k/vGaX4/Yla3WzyMCvTQOXYeIHvqOKtnqBduzTHpzpQZzAskKMhZ2K+EnBiSM9zGSoIFeMpXKxa4dYeZIQqewQ==

is-binary-path@~2.1.0:
  version "2.1.0"
  resolved "https://registry.nlark.com/is-binary-path/download/is-binary-path-2.1.0.tgz#ea1f7f3b80f064236e83470f86c09c254fb45b09"
  integrity sha1-6h9/O4DwZCNug0cPhsCcJU+0Wwk=
  dependencies:
    binary-extensions "^2.0.0"

is-core-module@^2.2.0:
  version "2.3.0"
  resolved "https://registry.npmjs.org/is-core-module/-/is-core-module-2.3.0.tgz"
  integrity sha512-xSphU2KG9867tsYdLD4RWQ1VqdFl4HTO9Thf3I/3dLEfr0dbPTWKsuCKrgqMljg4nPE+Gq0VCnzT3gr0CyBmsw==
  dependencies:
    has "^1.0.3"

is-extglob@^2.1.1:
  version "2.1.1"
  resolved "https://registry.npm.taobao.org/is-extglob/download/is-extglob-2.1.1.tgz#a88c02535791f02ed37c76a1b9ea9773c833f8c2"
  integrity sha1-qIwCU1eR8C7TfHahueqXc8gz+MI=

is-glob@^4.0.1, is-glob@~4.0.1:
  version "4.0.1"
  resolved "https://registry.nlark.com/is-glob/download/is-glob-4.0.1.tgz#7567dbe9f2f5e2467bc77ab83c4a29482407a5dc"
  integrity sha1-dWfb6fL14kZ7x3q4PEopSCQHpdw=
  dependencies:
    is-extglob "^2.1.1"

is-number@^7.0.0:
  version "7.0.0"
  resolved "https://registry.npm.taobao.org/is-number/download/is-number-7.0.0.tgz#7535345b896734d5f80c4d06c50955527a14f12b"
  integrity sha1-dTU0W4lnNNX4DE0GxQlVUnoU8Ss=

isarray@~1.0.0:
  version "1.0.0"
  resolved "https://registry.npmjs.org/isarray/-/isarray-1.0.0.tgz"
  integrity sha1-u5NdSFgsuhaMBoNJV6VKPgcSTxE=

ismobilejs@^0.5.1:
  version "0.5.2"
  resolved "https://registry.npmjs.org/ismobilejs/-/ismobilejs-0.5.2.tgz"
  integrity sha512-ta9UdV60xVZk/ZafFtSFslQaE76SvNkcs1r73d2PVR21zVzx9xuYv9tNe4MxA1NN7WoeCc2RjGot3Bz1eHDx3Q==

jest-diff@^26.0.0:
  version "26.6.2"
  resolved "https://registry.nlark.com/jest-diff/download/jest-diff-26.6.2.tgz#1aa7468b52c3a68d7d5c5fdcdfcd5e49bd164394"
  integrity sha1-GqdGi1LDpo19XF/c381eSb0WQ5Q=
  dependencies:
    chalk "^4.0.0"
    diff-sequences "^26.6.2"
    jest-get-type "^26.3.0"
    pretty-format "^26.6.2"

jest-get-type@^26.3.0:
  version "26.3.0"
  resolved "https://registry.nlark.com/jest-get-type/download/jest-get-type-26.3.0.tgz?cache=0&sync_timestamp=1624900056951&other_urls=https%3A%2F%2Fregistry.nlark.com%2Fjest-get-type%2Fdownload%2Fjest-get-type-26.3.0.tgz#e97dc3c3f53c2b406ca7afaed4493b1d099199e0"
  integrity sha1-6X3Dw/U8K0Bsp6+u1Ek7HQmRmeA=

json5@^1.0.1:
  version "1.0.1"
  resolved "https://registry.npmjs.org/json5/-/json5-1.0.1.tgz"
  integrity sha512-aKS4WQjPenRxiQsC93MNfjx+nbF4PAdYzmd/1JIj8HYzqfbu86beTuNgXDzPknWk0n0uARlyewZo4s++ES36Ow==
  dependencies:
    minimist "^1.2.0"

listenercount@~1.0.1:
  version "1.0.1"
  resolved "https://registry.npmjs.org/listenercount/-/listenercount-1.0.1.tgz"
  integrity sha1-hMinKrWcRyUyFIDJdeZQg0LnCTc=

loader-utils@^1.1.0:
  version "1.4.0"
  resolved "https://registry.npmjs.org/loader-utils/-/loader-utils-1.4.0.tgz"
  integrity sha512-qH0WSMBtn/oHuwjy/NucEgbx5dbxxnxup9s4PVXJUDHZBQY+s0NWA9rJf53RBnQZxfch7euUui7hpoAPvALZdA==
  dependencies:
    big.js "^5.2.2"
    emojis-list "^3.0.0"
    json5 "^1.0.1"

lodash-es@^4.17.21:
  version "4.17.21"
  resolved "https://registry.npmjs.org/lodash-es/-/lodash-es-4.17.21.tgz"
  integrity sha512-mKnC+QJ9pWVzv+C4/U3rRsHapFfHvQFoFB92e52xeyGMcX6/OlIl78je1u8vePzYZSkkogMPJ2yjxxsb89cxyw==

lodash.camelcase@^4.3.0:
  version "4.3.0"
  resolved "https://registry.npmjs.org/lodash.camelcase/-/lodash.camelcase-4.3.0.tgz"
  integrity sha1-soqmKIorn8ZRA1x3EfZathkDMaY=

lodash@^4.17.21:
  version "4.17.21"
  resolved "https://registry.nlark.com/lodash/download/lodash-4.17.21.tgz?cache=0&sync_timestamp=1618847150612&other_urls=https%3A%2F%2Fregistry.nlark.com%2Flodash%2Fdownload%2Flodash-4.17.21.tgz#679591c564c3bffaae8454cf0b3df370c3d6911c"
  integrity sha1-Z5WRxWTDv/quhFTPCz3zcMPWkRw=

lru-cache@^5.1.1:
  version "5.1.1"
  resolved "https://registry.npmjs.org/lru-cache/-/lru-cache-5.1.1.tgz"
  integrity sha512-KpNARQA3Iwv+jTA0utUVVbrh+Jlrr1Fv0e56GGzAFOXN7dk/FviaDW8LHmK52DlcH4WP2n6gI8vN1aesBFgo9w==
  dependencies:
    yallist "^3.0.2"

magic-string@^0.25.7:
  version "0.25.7"
  resolved "https://registry.npmjs.org/magic-string/-/magic-string-0.25.7.tgz"
  integrity sha512-4CrMT5DOHTDk4HYDlzmwu4FVCcIYI8gauveasrdCu2IKIFOJ3f0v/8MDGJCDL9oD2ppz/Av1b0Nj345H9M+XIA==
  dependencies:
    sourcemap-codec "^1.4.4"

merge-source-map@^1.1.0:
  version "1.1.0"
  resolved "https://registry.npmjs.org/merge-source-map/-/merge-source-map-1.1.0.tgz"
  integrity sha512-Qkcp7P2ygktpMPh2mCQZaf3jhN6D3Z/qVZHSdWvQ+2Ef5HgRAPBO57A77+ENm0CPx2+1Ce/MYKi3ymqdfuqibw==
  dependencies:
    source-map "^0.6.1"

mini-signals@^1.1.1, mini-signals@^1.2.0:
  version "1.2.0"
  resolved "https://registry.npmjs.org/mini-signals/-/mini-signals-1.2.0.tgz"
  integrity sha1-RbCAE8X65RokqhqTXNMXye1yHXQ=

minimatch@^3.0.4:
  version "3.0.4"
  resolved "https://registry.npmjs.org/minimatch/-/minimatch-3.0.4.tgz"
  integrity sha512-yJHVQEhyqPLUTgt9B83PXu6W3rx4MvvHvSUvToogpwoGDOUQ+yDrR0HRot+yOCdCO7u4hX3pWft6kWBBcqh0UA==
  dependencies:
    brace-expansion "^1.1.7"

minimist@^1.2.0, minimist@^1.2.5:
  version "1.2.5"
  resolved "https://registry.npmjs.org/minimist/-/minimist-1.2.5.tgz"
  integrity sha512-FM9nNUYrRBAELZQT3xeZQ7fmMOBg6nWNmJKTcgsJeaLstP/UODVpGsr5OhXhhXg6f+qtJ8uiZ+PUxkDWcgIXLw==

"mkdirp@>=0.5 0":
  version "0.5.5"
  resolved "https://registry.npmjs.org/mkdirp/-/mkdirp-0.5.5.tgz"
  integrity sha512-NKmAlESf6jMGym1++R0Ra7wvhV+wFW63FaSOFPwRahvea0gMUcGUhVeAg/0BC0wiv9ih5NYPB1Wn1UEI1/L+xQ==
  dependencies:
    minimist "^1.2.5"

naive-ui@^2.16.5:
  version "2.16.5"
  resolved "https://registry.nlark.com/naive-ui/download/naive-ui-2.16.5.tgz#4e9e63dd1803dfe8a9a82d0a47d66f4968222524"
  integrity sha1-Tp5j3RgD3+ipqC0KR9ZvSWgiJSQ=
  dependencies:
    "@css-render/plugin-bem" "^0.15.4"
    "@css-render/vue3-ssr" "^0.15.4"
    "@types/lodash" "^4.14.170"
    "@types/lodash-es" "^4.17.4"
    async-validator "^4.0.1"
    css-render "^0.15.4"
    date-fns "^2.19.0"
    evtd "^0.2.2"
    highlight.js "^11.0.1"
    lodash "^4.17.21"
    lodash-es "^4.17.21"
    seemly "^0.3.1"
    treemate "^0.3.0"
    vdirs "^0.1.4"
    vfonts "^0.1.0"
    vooks "^0.2.6"
    vueuc "^0.4.9"

nanoid@^3.1.22:
  version "3.1.22"
  resolved "https://registry.npmjs.org/nanoid/-/nanoid-3.1.22.tgz"
  integrity sha512-/2ZUaJX2ANuLtTvqTlgqBQNJoQO398KyJgZloL0PZkC0dpysjncRUPsFe3DUPzz/y3h+u7C46np8RMuvF3jsSQ==

normalize-path@^3.0.0, normalize-path@~3.0.0:
  version "3.0.0"
  resolved "https://registry.nlark.com/normalize-path/download/normalize-path-3.0.0.tgz#0dcd69ff23a1c9b11fd0978316644a0388216a65"
  integrity sha1-Dc1p/yOhybEf0JeDFmRKA4ghamU=

object-assign@^4.0.1:
  version "4.1.1"
  resolved "https://registry.npmjs.org/object-assign/-/object-assign-4.1.1.tgz"
  integrity sha1-IQmtx5ZYh8/AXLvUQsrIv7s2CGM=

once@^1.3.0:
  version "1.4.0"
  resolved "https://registry.npmjs.org/once/-/once-1.4.0.tgz"
  integrity sha1-WDsap3WWHUsROsF9nFC6753Xa9E=
  dependencies:
    wrappy "1"

parse-uri@^1.0.0, parse-uri@^1.0.3:
  version "1.0.3"
  resolved "https://registry.npmjs.org/parse-uri/-/parse-uri-1.0.3.tgz"
  integrity sha512-upMnGxNcm+45So85HoguwZTVZI9u11i36DdxJfGF2HYWS2eh3TIx7+/tTi7qrEq15qzGkVhsKjesau+kCk48pA==

path-is-absolute@^1.0.0:
  version "1.0.1"
  resolved "https://registry.npmjs.org/path-is-absolute/-/path-is-absolute-1.0.1.tgz"
  integrity sha1-F0uSaHNVNP+8es5r9TpanhtcX18=

path-parse@^1.0.6:
  version "1.0.6"
  resolved "https://registry.npmjs.org/path-parse/-/path-parse-1.0.6.tgz"
  integrity sha512-GSmOT2EbHrINBf9SR7CDELwlJ8AENk3Qn7OikK4nFYAu3Ote2+JYNVvkpAEQm3/TLNEJFD/xZJjzyxg3KBWOzw==

picomatch@^2.0.4, picomatch@^2.2.1:
  version "2.3.0"
  resolved "https://registry.nlark.com/picomatch/download/picomatch-2.3.0.tgz?cache=0&sync_timestamp=1621648246651&other_urls=https%3A%2F%2Fregistry.nlark.com%2Fpicomatch%2Fdownload%2Fpicomatch-2.3.0.tgz#f1f061de8f6a4bf022892e2d128234fb98302972"
  integrity sha1-8fBh3o9qS/AiiS4tEoI0+5gwKXI=

pixi-gl-core@^1.1.4:
  version "1.1.4"
  resolved "https://registry.npmjs.org/pixi-gl-core/-/pixi-gl-core-1.1.4.tgz"
  integrity sha1-i0tcQzsx5Bm8N53FZc4bg1qRs3I=

pixi.js@*, pixi.js@^4.8.7, pixi.js@^4.8.9:
  version "4.8.9"
  resolved "https://registry.npmjs.org/pixi.js/-/pixi.js-4.8.9.tgz"
  integrity sha512-YcepG5/bXLAVTSTXaMIU9NeSzwyPq/oMu2oQi6L6iE5giwng02ixVCKgc6/eMv3zl2Ho+teSOLC8R5Wp3jBvLA==
  dependencies:
    bit-twiddle "^1.0.2"
    earcut "^2.1.4"
    eventemitter3 "^2.0.0"
    ismobilejs "^0.5.1"
    object-assign "^4.0.1"
    pixi-gl-core "^1.1.4"
    remove-array-items "^1.0.0"
    resource-loader "^2.2.3"

postcss-modules-extract-imports@^3.0.0:
  version "3.0.0"
  resolved "https://registry.npmjs.org/postcss-modules-extract-imports/-/postcss-modules-extract-imports-3.0.0.tgz"
  integrity sha512-bdHleFnP3kZ4NYDhuGlVK+CMrQ/pqUm8bx/oGL93K6gVwiclvX5x0n76fYMKuIGKzlABOy13zsvqjb0f92TEXw==

postcss-modules-local-by-default@^4.0.0:
  version "4.0.0"
  resolved "https://registry.npmjs.org/postcss-modules-local-by-default/-/postcss-modules-local-by-default-4.0.0.tgz"
  integrity sha512-sT7ihtmGSF9yhm6ggikHdV0hlziDTX7oFoXtuVWeDd3hHObNkcHRo9V3yg7vCAY7cONyxJC/XXCmmiHHcvX7bQ==
  dependencies:
    icss-utils "^5.0.0"
    postcss-selector-parser "^6.0.2"
    postcss-value-parser "^4.1.0"

postcss-modules-scope@^3.0.0:
  version "3.0.0"
  resolved "https://registry.npmjs.org/postcss-modules-scope/-/postcss-modules-scope-3.0.0.tgz"
  integrity sha512-hncihwFA2yPath8oZ15PZqvWGkWf+XUfQgUGamS4LqoP1anQLOsOJw0vr7J7IwLpoY9fatA2qiGUGmuZL0Iqlg==
  dependencies:
    postcss-selector-parser "^6.0.4"

postcss-modules-values@^4.0.0:
  version "4.0.0"
  resolved "https://registry.npmjs.org/postcss-modules-values/-/postcss-modules-values-4.0.0.tgz"
  integrity sha512-RDxHkAiEGI78gS2ofyvCsu7iycRv7oqw5xMWn9iMoR0N/7mf9D50ecQqUo5BZ9Zh2vH4bCUR/ktCqbB9m8vJjQ==
  dependencies:
    icss-utils "^5.0.0"

postcss-modules@^4.0.0:
  version "4.0.0"
  resolved "https://registry.npmjs.org/postcss-modules/-/postcss-modules-4.0.0.tgz"
  integrity sha512-ghS/ovDzDqARm4Zj6L2ntadjyQMoyJmi0JkLlYtH2QFLrvNlxH5OAVRPWPeKilB0pY7SbuhO173KOWkPAxRJcw==
  dependencies:
    generic-names "^2.0.1"
    icss-replace-symbols "^1.1.0"
    lodash.camelcase "^4.3.0"
    postcss-modules-extract-imports "^3.0.0"
    postcss-modules-local-by-default "^4.0.0"
    postcss-modules-scope "^3.0.0"
    postcss-modules-values "^4.0.0"
    string-hash "^1.1.1"

postcss-selector-parser@^6.0.2, postcss-selector-parser@^6.0.4:
  version "6.0.5"
  resolved "https://registry.npmjs.org/postcss-selector-parser/-/postcss-selector-parser-6.0.5.tgz"
  integrity sha512-aFYPoYmXbZ1V6HZaSvat08M97A8HqO6Pjz+PiNpw/DhuRrC72XWAdp3hL6wusDCN31sSmcZyMGa2hZEuX+Xfhg==
  dependencies:
    cssesc "^3.0.0"
    util-deprecate "^1.0.2"

postcss-value-parser@^4.1.0:
  version "4.1.0"
  resolved "https://registry.npmjs.org/postcss-value-parser/-/postcss-value-parser-4.1.0.tgz"
  integrity sha512-97DXOFbQJhk71ne5/Mt6cOu6yxsSfM0QGQyl0L25Gca4yGWEGJaig7l7gbCX623VqTBNGLRLaVUCnNkcedlRSQ==

postcss@^8.1.10, postcss@^8.2.1:
  version "8.2.13"
  resolved "https://registry.npmjs.org/postcss/-/postcss-8.2.13.tgz"
  integrity sha512-FCE5xLH+hjbzRdpbRb1IMCvPv9yZx2QnDarBEYSN0N0HYk+TcXsEhwdFcFb+SRWOKzKGErhIEbBK2ogyLdTtfQ==
  dependencies:
    colorette "^1.2.2"
    nanoid "^3.1.22"
    source-map "^0.6.1"

pretty-format@^26.0.0, pretty-format@^26.6.2:
  version "26.6.2"
  resolved "https://registry.nlark.com/pretty-format/download/pretty-format-26.6.2.tgz#e35c2705f14cb7fe2fe94fa078345b444120fc93"
  integrity sha1-41wnBfFMt/4v6U+geDRbREEg/JM=
  dependencies:
    "@jest/types" "^26.6.2"
    ansi-regex "^5.0.0"
    ansi-styles "^4.0.0"
    react-is "^17.0.1"

process-nextick-args@~2.0.0:
  version "2.0.1"
  resolved "https://registry.npmjs.org/process-nextick-args/-/process-nextick-args-2.0.1.tgz"
  integrity sha512-3ouUOpQhtgrbOa17J7+uxOTpITYWaGP7/AhoR3+A+/1e9skrzelGi/dXzEYyvbxubEF6Wn2ypscTKiKJFFn1ag==

react-is@^17.0.1:
  version "17.0.2"
  resolved "https://registry.nlark.com/react-is/download/react-is-17.0.2.tgz#e691d4a8e9c789365655539ab372762b0efb54f0"
  integrity sha1-5pHUqOnHiTZWVVOas3J2Kw77VPA=

readable-stream@^2.0.2, readable-stream@~2.3.6:
  version "2.3.7"
  resolved "https://registry.npmjs.org/readable-stream/-/readable-stream-2.3.7.tgz"
  integrity sha512-Ebho8K4jIbHAxnuxi7o42OrZgF/ZTNcsZj6nRKyUmkhLFq8CHItp/fy6hQZuZmP/n3yZ9VBUbp4zz/mX8hmYPw==
  dependencies:
    core-util-is "~1.0.0"
    inherits "~2.0.3"
    isarray "~1.0.0"
    process-nextick-args "~2.0.0"
    safe-buffer "~5.1.1"
    string_decoder "~1.1.1"
    util-deprecate "~1.0.1"

readdirp@~3.6.0:
  version "3.6.0"
  resolved "https://registry.npm.taobao.org/readdirp/download/readdirp-3.6.0.tgz#74a370bd857116e245b29cc97340cd431a02a6c7"
  integrity sha1-dKNwvYVxFuJFspzJc0DNQxoCpsc=
  dependencies:
    picomatch "^2.2.1"

remove-array-items@^1.0.0:
  version "1.1.1"
  resolved "https://registry.npmjs.org/remove-array-items/-/remove-array-items-1.1.1.tgz"
  integrity sha512-MXW/jtHyl5F1PZI7NbpS8SOtympdLuF20aoWJT5lELR1p/HJDd5nqW8Eu9uLh/hCRY3FgvrIT5AwDCgBODklcA==

resize-observer-polyfill@^1.5.1:
  version "1.5.1"
  resolved "https://registry.nlark.com/resize-observer-polyfill/download/resize-observer-polyfill-1.5.1.tgz?cache=0&sync_timestamp=1618846967396&other_urls=https%3A%2F%2Fregistry.nlark.com%2Fresize-observer-polyfill%2Fdownload%2Fresize-observer-polyfill-1.5.1.tgz#0e9020dd3d21024458d4ebd27e23e40269810464"
  integrity sha1-DpAg3T0hAkRY1OvSfiPkAmmBBGQ=

resolve@^1.19.0:
  version "1.20.0"
  resolved "https://registry.npmjs.org/resolve/-/resolve-1.20.0.tgz"
  integrity sha512-wENBPt4ySzg4ybFQW2TT1zMQucPK95HSh/nq2CFTZVOGut2+pQvSsgtda4d26YrYcr067wjbmzOG8byDPBX63A==
  dependencies:
    is-core-module "^2.2.0"
    path-parse "^1.0.6"

resource-loader@^2.2.3:
  version "2.2.4"
  resolved "https://registry.npmjs.org/resource-loader/-/resource-loader-2.2.4.tgz"
  integrity sha512-MrY0bEJN26us3h4bzJUSP0n4tFEb79lCpYBavtLjSezWCcXZMgxhSgvC9LxueuqpcxG+qPjhwFu5SQAcUNacdA==
  dependencies:
    mini-signals "^1.1.1"
    parse-uri "^1.0.0"

resource-loader@^4.0.0-rc4:
  version "4.0.0-rc4"
  resolved "https://registry.npmjs.org/resource-loader/-/resource-loader-4.0.0-rc4.tgz"
  integrity sha512-DuGS7xVDnL6rlDj0gU103N8CGGbEPkwqrIoZlL22/rGb97azFHgeb3DG53INW1MZCiAv9MUZfuk9ZxCIMBCM6g==
  dependencies:
    parse-uri "^1.0.0"
    type-signals "^1.0.3"

rimraf@2:
  version "2.7.1"
  resolved "https://registry.npmjs.org/rimraf/-/rimraf-2.7.1.tgz"
  integrity sha512-uWjbaKIK3T1OSVptzX7Nl6PvQ3qAGtKEtVRjRuazjfL3Bx5eI409VZSqgND+4UNnmzLVdPj9FqFJNPqBZFve4w==
  dependencies:
    glob "^7.1.3"

rollup@^2.38.5:
  version "2.45.2"
  resolved "https://registry.npmjs.org/rollup/-/rollup-2.45.2.tgz"
  integrity sha512-kRRU7wXzFHUzBIv0GfoFFIN3m9oteY4uAsKllIpQDId5cfnkWF2J130l+27dzDju0E6MScKiV0ZM5Bw8m4blYQ==
  optionalDependencies:
    fsevents "~2.3.1"

safe-buffer@~5.1.0, safe-buffer@~5.1.1:
  version "5.1.2"
  resolved "https://registry.npmjs.org/safe-buffer/-/safe-buffer-5.1.2.tgz"
  integrity sha512-Gd2UZBJDkXlY7GbJxfsE8/nvKkUEU1G38c1siN6QP6a9PT9MmHB8GnpscSmMJSoF8LOIrt8ud/wPtojys4G6+g==

sass@^1.38.0:
  version "1.38.0"
  resolved "https://registry.nlark.com/sass/download/sass-1.38.0.tgz?cache=0&sync_timestamp=1629159974965&other_urls=https%3A%2F%2Fregistry.nlark.com%2Fsass%2Fdownload%2Fsass-1.38.0.tgz#2f3e60a1efdcdc910586fa79dc89d3399a145b4f"
  integrity sha1-Lz5goe/c3JEFhvp53InTOZoUW08=
  dependencies:
    chokidar ">=3.0.0 <4.0.0"

seemly@^0.3.1:
  version "0.3.1"
  resolved "https://registry.nlark.com/seemly/download/seemly-0.3.1.tgz#bcb439d7e399a7cc546ca86c31d24328cc3944ca"
  integrity sha1-vLQ51+OZp8xUbKhsMdJDKMw5RMo=
  dependencies:
    "@types/jest" "^26.0.20"

setimmediate@~1.0.4:
  version "1.0.5"
  resolved "https://registry.npmjs.org/setimmediate/-/setimmediate-1.0.5.tgz"
  integrity sha1-KQy7Iy4waULX1+qbg3Mqt4VvgoU=

source-map@^0.6.1:
  version "0.6.1"
  resolved "https://registry.npmjs.org/source-map/-/source-map-0.6.1.tgz"
  integrity sha512-UjgapumWlbMhkBgzT7Ykc5YXUT46F0iKu8SGXq0bcwP5dz/h0Plj6enJqjz1Zbq2l5WaqYnrVbwWOWMyF3F47g==

sourcemap-codec@^1.4.4:
  version "1.4.8"
  resolved "https://registry.npmjs.org/sourcemap-codec/-/sourcemap-codec-1.4.8.tgz"
  integrity sha512-9NykojV5Uih4lgo5So5dtw+f0JgJX30KCNI8gwhz2J9A15wD0Ml6tjHKwf6fTSa6fAdVBdZeNOs9eJ71qCk8vA==

string-hash@^1.1.1:
  version "1.1.3"
  resolved "https://registry.npmjs.org/string-hash/-/string-hash-1.1.3.tgz"
  integrity sha1-6Kr8CsGFW0Zmkp7X3RJ1311sgRs=

string_decoder@~1.1.1:
  version "1.1.1"
  resolved "https://registry.npmjs.org/string_decoder/-/string_decoder-1.1.1.tgz"
  integrity sha512-n/ShnvDi6FHbbVfviro+WojiFzv+s8MPMHBczVePfUpDJLwoLT0ht1l4YwBCbi8pJAveEEdnkHyPyTP/mzRfwg==
  dependencies:
    safe-buffer "~5.1.0"

supports-color@^7.1.0:
  version "7.2.0"
  resolved "https://registry.nlark.com/supports-color/download/supports-color-7.2.0.tgz#1b7dcdcb32b8138801b3e478ba6a51caa89648da"
  integrity sha1-G33NyzK4E4gBs+R4umpRyqiWSNo=
  dependencies:
    has-flag "^4.0.0"

to-fast-properties@^2.0.0:
  version "2.0.0"
  resolved "https://registry.npmjs.org/to-fast-properties/-/to-fast-properties-2.0.0.tgz"
  integrity sha1-3F5pjL0HkmW8c+A3doGk5Og/YW4=

to-regex-range@^5.0.1:
  version "5.0.1"
  resolved "https://registry.nlark.com/to-regex-range/download/to-regex-range-5.0.1.tgz#1648c44aae7c8d988a326018ed72f5b4dd0392e4"
  integrity sha1-FkjESq58jZiKMmAY7XL1tN0DkuQ=
  dependencies:
    is-number "^7.0.0"

"traverse@>=0.3.0 <0.4":
  version "0.3.9"
  resolved "https://registry.npmjs.org/traverse/-/traverse-0.3.9.tgz"
  integrity sha1-cXuPIgzAu3tE5AUUwisui7xw2Lk=

treemate@^0.3.0:
  version "0.3.2"
  resolved "https://registry.nlark.com/treemate/download/treemate-0.3.2.tgz#ad4f3072e51aab2801697ec20a467ebe01884070"
  integrity sha1-rU8wcuUaqygBaX7CCkZ+vgGIQHA=

type-signals@^1.0.3:
  version "1.1.0"
  resolved "https://registry.npmjs.org/type-signals/-/type-signals-1.1.0.tgz"
  integrity sha512-JzmQSmRNTIcQofZdYW9RHxAP8rrcq/N5I2fBy+V43oOqikOvsCTYlOIIX40Qpmr5GiRmYrptghIog84E1yz1Zg==

typescript@^4.1.3:
  version "4.2.4"
  resolved "https://registry.npmjs.org/typescript/-/typescript-4.2.4.tgz"
  integrity sha512-V+evlYHZnQkaz8TRBuxTA92yZBPotr5H+WhQ7bD3hZUndx5tGOa1fuCgeSjxAzM1RiN5IzvadIXTVefuuwZCRg==

unzipper@0.10.11:
  version "0.10.11"
  resolved "https://registry.npmjs.org/unzipper/-/unzipper-0.10.11.tgz"
  integrity sha512-+BrAq2oFqWod5IESRjL3S8baohbevGcVA+teAIOYWM3pDVdseogqbzhhvvmiyQrUNKFUnDMtELW3X8ykbyDCJw==
  dependencies:
    big-integer "^1.6.17"
    binary "~0.3.0"
    bluebird "~3.4.1"
    buffer-indexof-polyfill "~1.0.0"
    duplexer2 "~0.1.4"
    fstream "^1.0.12"
    graceful-fs "^4.2.2"
    listenercount "~1.0.1"
    readable-stream "~2.3.6"
    setimmediate "~1.0.4"

util-deprecate@^1.0.2, util-deprecate@~1.0.1:
  version "1.0.2"
  resolved "https://registry.npmjs.org/util-deprecate/-/util-deprecate-1.0.2.tgz"
  integrity sha1-RQ1Nyfpw3nMnYvvS1KKJgUGaDM8=

vdirs@^0.1.4:
  version "0.1.4"
  resolved "https://registry.nlark.com/vdirs/download/vdirs-0.1.4.tgz#c4c0ff86cf47fed03de5f869e265311ef188ab74"
  integrity sha1-xMD/hs9H/tA95fhp4mUxHvGIq3Q=
  dependencies:
    "@types/node" "^14.14.10"
    evtd "^0.2.2"

vfonts@^0.1.0:
  version "0.1.0"
  resolved "https://registry.nlark.com/vfonts/download/vfonts-0.1.0.tgz#c16af37ca044b2725ae55553049280efbe6222a9"
  integrity sha1-wWrzfKBEsnJa5VVTBJKA775iIqk=

vite@^2.1.5:
  version "2.2.3"
  resolved "https://registry.npmjs.org/vite/-/vite-2.2.3.tgz"
  integrity sha512-PtjyBL4GtACM+uT5q5hi2+AlMBbb6YI2b2bam6QI8ZdZt4FezseF0yZHQx0G+b3po9jIJ/GS5N9gc5Yq9Rue7g==
  dependencies:
    esbuild "^0.9.3"
    postcss "^8.2.1"
    resolve "^1.19.0"
    rollup "^2.38.5"
  optionalDependencies:
    fsevents "~2.3.1"

vooks@^0.2.4, vooks@^0.2.6:
  version "0.2.8"
  resolved "https://registry.nlark.com/vooks/download/vooks-0.2.8.tgz#fad6a78c72e39443e56285337b0843baaeed0f3e"
  integrity sha1-+tanjHLjlEPlYoUzewhDuq7tDz4=
  dependencies:
    evtd "^0.2.2"

vue-router@4:
  version "4.0.6"
  resolved "https://registry.npmjs.org/vue-router/-/vue-router-4.0.6.tgz"
  integrity sha512-Y04llmK2PyaESj+N33VxLjGCUDuv9t4q2OpItEGU7POZiuQZaugV6cJpE6Qm1sVFtxufodLKN2y2dQl9nk0Reg==

vue-tsc@^0.0.15:
  version "0.0.15"
  resolved "https://registry.npmjs.org/vue-tsc/-/vue-tsc-0.0.15.tgz"
  integrity sha512-l7My4ubz11yoOwnxmgfqDV1DH0VgdkDm+AxrTAIAljsG7JrKkJ++AbhmxjzF2viMJvGbKN0rH+0+ErIkatK3oA==
  dependencies:
    unzipper "0.10.11"

vue@^3.0.5:
  version "3.0.11"
  resolved "https://registry.npmjs.org/vue/-/vue-3.0.11.tgz"
  integrity sha512-3/eUi4InQz8MPzruHYSTQPxtM3LdZ1/S/BvaU021zBnZi0laRUyH6pfuE4wtUeLvI8wmUNwj5wrZFvbHUXL9dw==
  dependencies:
    "@vue/compiler-dom" "3.0.11"
    "@vue/runtime-dom" "3.0.11"
    "@vue/shared" "3.0.11"

vueuc@^0.4.9:
  version "0.4.10"
  resolved "https://registry.nlark.com/vueuc/download/vueuc-0.4.10.tgz#ae26ba76a0af154f8a139ef3718135a2c6adf676"
  integrity sha1-ria6dqCvFU+KE57zcYE1osat9nY=
  dependencies:
    css-render "^0.15.3"
    evtd "^0.2.2"
    resize-observer-polyfill "^1.5.1"
    seemly "^0.3.1"
    vdirs "^0.1.4"
    vooks "^0.2.4"

wrappy@1:
  version "1.0.2"
  resolved "https://registry.npmjs.org/wrappy/-/wrappy-1.0.2.tgz"
  integrity sha1-tSQ9jz7BqjXxNkYFvA0QNuMKtp8=

yallist@^3.0.2:
  version "3.1.1"
  resolved "https://registry.npmjs.org/yallist/-/yallist-3.1.1.tgz"
  integrity sha512-a4UGQaWPH59mOXUYnAG2ewncQS4i4F43Tv3JoAM+s2VDAmS9NsK8GpDMLrCHPksFT7h3K6TOoUNn2pb7RoXx4g==
